4887
/Users/kristoftaveirne/.sdkman/candidates/java/21.0.1-graalce/bin/java -Djava.util.logging.config.file=/Users/kristoftaveirne/Library/Caches/JetBrains/IntelliJIdea2024.1/tomcat/4c7c64ac-232f-4972-99f8-71e4b1e57fa1/conf/logging.properties -Djava.util.logging.manager=org.apache.juli.ClassLoaderLogManager -agentlib:jdwp=transport=dt_socket,address=127.0.0.1:61534,suspend=y,server=n -javaagent:/Users/kristoftaveirne/Library/Caches/JetBrains/IntelliJIdea2024.1/captureAgent/debugger-agent.jar=file:/private/var/folders/hr/w35gkbp92pb5byvxfj622zs40000gn/T/capture2032.props -javaagent:/Users/kristoftaveirne/Library/Caches/JetBrains/IntelliJIdea2024.1/groovyHotSwap/gragent.jar -Dcom.sun.management.jmxremote= -Dcom.sun.management.jmxremote.port=1099 -Dcom.sun.management.jmxremote.ssl=false -Dcom.sun.management.jmxremote.password.file=/Users/kristoftaveirne/Library/Caches/JetBrains/IntelliJIdea2024.1/tomcat/4c7c64ac-232f-4972-99f8-71e4b1e57fa1/jmxremote.password -Dcom.sun.management.jmxremote.access.file=/Users/kristoftaveirne/Library/Caches/JetBrains/IntelliJIdea2024.1/tomcat/4c7c64ac-232f-4972-99f8-71e4b1e57fa1/jmxremote.access -Djava.rmi.server.hostname=127.0.0.1 -Djdk.tls.ephemeralDHKeySize=2048 -Djava.protocol.handler.pkgs=org.apache.catalina.webresources -Dorg.apache.catalina.security.SecurityListener.UMASK=0027 --add-opens=java.base/java.lang=ALL-UNNAMED --add-opens=java.base/java.io=ALL-UNNAMED --add-opens=java.base/java.util=ALL-UNNAMED --add-opens=java.base/java.util.concurrent=ALL-UNNAMED --add-opens=java.rmi/sun.rmi.transport=ALL-UNNAMED -classpath /Users/kristoftaveirne/.sdkman/candidates/tomcat/current/bin/bootstrap.jar:/Users/kristoftaveirne/.sdkman/candidates/tomcat/current/bin/tomcat-juli.jar -Dcatalina.base=/Users/kristoftaveirne/Library/Caches/JetBrains/IntelliJIdea2024.1/tomcat/4c7c64ac-232f-4972-99f8-71e4b1e57fa1 -Dcatalina.home=/Users/kristoftaveirne/.sdkman/candidates/tomcat/current -Djava.io.tmpdir=/Users/kristoftaveirne/.sdkman/candidates/tomcat/current/temp org.apache.catalina.startup.Bootstrap start
